{
  "originHash" : "93b6d956ec7a739fd41e239c8db3a334358b0ab14c0fa7ca4517922bfaeda1e4",
  "pins" : [
    {
      "identity" : "prefire",
      "kind" : "remoteSourceControl",
      "location" : "https://github.com/BarredEwe/Prefire",
      "state" : {
        "revision" : "ec4ed780cf38eaf86cb7aadb506ec9ed4d712a44",
        "version" : "2.4.0"
      }
    }
  ],
  "version" : 3
}
